// !$*UTF8*$!
{
	archiveVersion = 1;
	classes = {
	};
	objectVersion = 56;
	objects = {

/* Begin PBXBuildFile section */
		1C5DB5EA2AF2E1C700BCF031 /* SignUpView.swift in Sources */ = {isa = PBXBuildFile; fileRef = 1C5DB5E92AF2E1C700BCF031 /* SignUpView.swift */; };
		1C638CBC2AF3D1D800BCA718 /* MainView.swift in Sources */ = {isa = PBXBuildFile; fileRef = 1C638CBB2AF3D1D800BCA718 /* MainView.swift */; };
		1C745B462AF68093008FDA97 /* ShipmentDetailView.swift in Sources */ = {isa = PBXBuildFile; fileRef = 1C745B452AF68093008FDA97 /* ShipmentDetailView.swift */; };
		1CBBCC092AF28B8900664DD4 /* TaskTimeApp.swift in Sources */ = {isa = PBXBuildFile; fileRef = 1CBBCC082AF28B8900664DD4 /* TaskTimeApp.swift */; };
		1CBBCC0B2AF28B8900664DD4 /* ContentView.swift in Sources */ = {isa = PBXBuildFile; fileRef = 1CBBCC0A2AF28B8900664DD4 /* ContentView.swift */; };
		1CBBCC0D2AF28B8A00664DD4 /* Assets.xcassets in Resources */ = {isa = PBXBuildFile; fileRef = 1CBBCC0C2AF28B8A00664DD4 /* Assets.xcassets */; };
		1CBBCC102AF28B8A00664DD4 /* Preview Assets.xcassets in Resources */ = {isa = PBXBuildFile; fileRef = 1CBBCC0F2AF28B8A00664DD4 /* Preview Assets.xcassets */; };
		1CBBCC1A2AF28B8A00664DD4 /* TaskTimeTests.swift in Sources */ = {isa = PBXBuildFile; fileRef = 1CBBCC192AF28B8A00664DD4 /* TaskTimeTests.swift */; };
		1CBBCC242AF28B8A00664DD4 /* TaskTimeUITests.swift in Sources */ = {isa = PBXBuildFile; fileRef = 1CBBCC232AF28B8A00664DD4 /* TaskTimeUITests.swift */; };
		1CBBCC262AF28B8A00664DD4 /* TaskTimeUITestsLaunchTests.swift in Sources */ = {isa = PBXBuildFile; fileRef = 1CBBCC252AF28B8A00664DD4 /* TaskTimeUITestsLaunchTests.swift */; };
/* End PBXBuildFile section */

/* Begin PBXContainerItemProxy section */
		1CBBCC162AF28B8A00664DD4 /* PBXContainerItemProxy */ = {
			isa = PBXContainerItemProxy;
			containerPortal = 1CBBCBFD2AF28B8900664DD4 /* Project object */;
			proxyType = 1;
			remoteGlobalIDString = 1CBBCC042AF28B8900664DD4;
			remoteInfo = TaskTime;
		};
		1CBBCC202AF28B8A00664DD4 /* PBXContainerItemProxy */ = {
			isa = PBXContainerItemProxy;
			containerPortal = 1CBBCBFD2AF28B8900664DD4 /* Project object */;
			proxyType = 1;
			remoteGlobalIDString = 1CBBCC042AF28B8900664DD4;
			remoteInfo = TaskTime;
		};
/* End PBXContainerItemProxy section */

/* Begin PBXFileReference section */
		1C5DB5E92AF2E1C700BCF031 /* SignUpView.swift */ = {isa = PBXFileReference; lastKnownFileType = sourcecode.swift; path = SignUpView.swift; sourceTree = "<group>"; };
		1C638CBB2AF3D1D800BCA718 /* MainView.swift */ = {isa = PBXFileReference; lastKnownFileType = sourcecode.swift; path = MainView.swift; sourceTree = "<group>"; };
		1C745B452AF68093008FDA97 /* ShipmentDetailView.swift */ = {isa = PBXFileReference; lastKnownFileType = sourcecode.swift; path = ShipmentDetailView.swift; sourceTree = "<group>"; };
		1CBBCC052AF28B8900664DD4 /* TaskTime.app */ = {isa = PBXFileReference; explicitFileType = wrapper.application; includeInIndex = 0; path = TaskTime.app; sourceTree = BUILT_PRODUCTS_DIR; };
		1CBBCC082AF28B8900664DD4 /* TaskTimeApp.swift */ = {isa = PBXFileReference; lastKnownFileType = sourcecode.swift; path = TaskTimeApp.swift; sourceTree = "<group>"; };
		1CBBCC0A2AF28B8900664DD4 /* ContentView.swift */ = {isa = PBXFileReference; lastKnownFileType = sourcecode.swift; path = ContentView.swift; sourceTree = "<group>"; };
		1CBBCC0C2AF28B8A00664DD4 /* Assets.xcassets */ = {isa = PBXFileReference; lastKnownFileType = folder.assetcatalog; path = Assets.xcassets; sourceTree = "<group>"; };
		1CBBCC0F2AF28B8A00664DD4 /* Preview Assets.xcassets */ = {isa = PBXFileReference; lastKnownFileType = folder.assetcatalog; path = "Preview Assets.xcassets"; sourceTree = "<group>"; };
		1CBBCC152AF28B8A00664DD4 /* TaskTimeTests.xctest */ = {isa = PBXFileReference; explicitFileType = wrapper.cfbundle; includeInIndex = 0; path = TaskTimeTests.xctest; sourceTree = BUILT_PRODUCTS_DIR; };
		1CBBCC192AF28B8A00664DD4 /* TaskTimeTests.swift */ = {isa = PBXFileReference; lastKnownFileType = sourcecode.swift; path = TaskTimeTests.swift; sourceTree = "<group>"; };
		1CBBCC1F2AF28B8A00664DD4 /* TaskTimeUITests.xctest */ = {isa = PBXFileReference; explicitFileType = wrapper.cfbundle; includeInIndex = 0; path = TaskTimeUITests.xctest; sourceTree = BUILT_PRODUCTS_DIR; };
		1CBBCC232AF28B8A00664DD4 /* TaskTimeUITests.swift */ = {isa = PBXFileReference; lastKnownFileType = sourcecode.swift; path = TaskTimeUITests.swift; sourceTree = "<group>"; };
		1CBBCC252AF28B8A00664DD4 /* TaskTimeUITestsLaunchTests.swift */ = {isa = PBXFileReference; lastKnownFileType = sourcecode.swift; path = TaskTimeUITestsLaunchTests.swift; sourceTree = "<group>"; };
/* End PBXFileReference section */

/* Begin PBXFrameworksBuildPhase section */
		1CBBCC022AF28B8900664DD4 /* Frameworks */ = {
			isa = PBXFrameworksBuildPhase;
			buildActionMask = 2147483647;
			files = (
			);
			runOnlyForDeploymentPostprocessing = 0;
		};
		1CBBCC122AF28B8A00664DD4 /* Frameworks */ = {
			isa = PBXFrameworksBuildPhase;
			buildActionMask = 2147483647;
			files = (
			);
			runOnlyForDeploymentPostprocessing = 0;
		};
		1CBBCC1C2AF28B8A00664DD4 /* Frameworks */ = {
			isa = PBXFrameworksBuildPhase;
			buildActionMask = 2147483647;
			files = (
			);
			runOnlyForDeploymentPostprocessing = 0;
		};
/* End PBXFrameworksBuildPhase section */

/* Begin PBXGroup section */
		1CBBCBFC2AF28B8900664DD4 = {
			isa = PBXGroup;
			children = (
				1CBBCC072AF28B8900664DD4 /* TaskTime */,
				1CBBCC182AF28B8A00664DD4 /* TaskTimeTests */,
				1CBBCC222AF28B8A00664DD4 /* TaskTimeUITests */,
				1CBBCC062AF28B8900664DD4 /* Products */,
			);
			sourceTree = "<group>";
		};
		1CBBCC062AF28B8900664DD4 /* Products */ = {
			isa = PBXGroup;
			children = (
				1CBBCC052AF28B8900664DD4 /* TaskTime.app */,
				1CBBCC152AF28B8A00664DD4 /* TaskTimeTests.xctest */,
				1CBBCC1F2AF28B8A00664DD4 /* TaskTimeUITests.xctest */,
			);
			name = Products;
			sourceTree = "<group>";
		};
		1CBBCC072AF28B8900664DD4 /* TaskTime */ = {
			isa = PBXGroup;
			children = (
				1CBBCC082AF28B8900664DD4 /* TaskTimeApp.swift */,
				1CBBCC0A2AF28B8900664DD4 /* ContentView.swift */,
				1C5DB5E92AF2E1C700BCF031 /* SignUpView.swift */,
				1C638CBB2AF3D1D800BCA718 /* MainView.swift */,
				1C745B452AF68093008FDA97 /* ShipmentDetailView.swift */,
				1CBBCC0C2AF28B8A00664DD4 /* Assets.xcassets */,
				1CBBCC0E2AF28B8A00664DD4 /* Preview Content */,
			);
			path = TaskTime;
			sourceTree = "<group>";
		};
		1CBBCC0E2AF28B8A00664DD4 /* Preview Content */ = {
			isa = PBXGroup;
			children = (
				1CBBCC0F2AF28B8A00664DD4 /* Preview Assets.xcassets */,
			);
			path = "Preview Content";
			sourceTree = "<group>";
		};
		1CBBCC182AF28B8A00664DD4 /* TaskTimeTests */ = {
			isa = PBXGroup;
			children = (
				1CBBCC192AF28B8A00664DD4 /* TaskTimeTests.swift */,
			);
			path = TaskTimeTests;
			sourceTree = "<group>";
		};
		1CBBCC222AF28B8A00664DD4 /* TaskTimeUITests */ = {
			isa = PBXGroup;
			children = (
				1CBBCC232AF28B8A00664DD4 /* TaskTimeUITests.swift */,
				1CBBCC252AF28B8A00664DD4 /* TaskTimeUITestsLaunchTests.swift */,
			);
			path = TaskTimeUITests;
			sourceTree = "<group>";
		};
/* End PBXGroup section */

/* Begin PBXNativeTarget section */
		1CBBCC042AF28B8900664DD4 /* TaskTime */ = {
			isa = PBXNativeTarget;
			buildConfigurationList = 1CBBCC292AF28B8A00664DD4 /* Build configuration list for PBXNativeTarget "TaskTime" */;
			buildPhases = (
				1CBBCC012AF28B8900664DD4 /* Sources */,
				1CBBCC022AF28B8900664DD4 /* Frameworks */,
				1CBBCC032AF28B8900664DD4 /* Resources */,
			);
			buildRules = (
			);
			dependencies = (
			);
			name = TaskTime;
			productName = TaskTime;
			productReference = 1CBBCC052AF28B8900664DD4 /* TaskTime.app */;
			productType = "com.apple.product-type.application";
		};
		1CBBCC142AF28B8A00664DD4 /* TaskTimeTests */ = {
			isa = PBXNativeTarget;
			buildConfigurationList = 1CBBCC2C2AF28B8A00664DD4 /* Build configuration list for PBXNativeTarget "TaskTimeTests" */;
			buildPhases = (
				1CBBCC112AF28B8A00664DD4 /* Sources */,
				1CBBCC122AF28B8A00664DD4 /* Frameworks */,
				1CBBCC132AF28B8A00664DD4 /* Resources */,
			);
			buildRules = (
			);
			dependencies = (
				1CBBCC172AF28B8A00664DD4 /* PBXTargetDependency */,
			);
			name = TaskTimeTests;
			productName = TaskTimeTests;
			productReference = 1CBBCC152AF28B8A00664DD4 /* TaskTimeTests.xctest */;
			productType = "com.apple.product-type.bundle.unit-test";
		};
		1CBBCC1E2AF28B8A00664DD4 /* TaskTimeUITests */ = {
			isa = PBXNativeTarget;
			buildConfigurationList = 1CBBCC2F2AF28B8A00664DD4 /* Build configuration list for PBXNativeTarget "TaskTimeUITests" */;
			buildPhases = (
				1CBBCC1B2AF28B8A00664DD4 /* Sources */,
				1CBBCC1C2AF28B8A00664DD4 /* Frameworks */,
				1CBBCC1D2AF28B8A00664DD4 /* Resources */,
			);
			buildRules = (
			);
			dependencies = (
				1CBBCC212AF28B8A00664DD4 /* PBXTargetDependency */,
			);
			name = TaskTimeUITests;
			productName = TaskTimeUITests;
			productReference = 1CBBCC1F2AF28B8A00664DD4 /* TaskTimeUITests.xctest */;
			productType = "com.apple.product-type.bundle.ui-testing";
		};
/* End PBXNativeTarget section */

/* Begin PBXProject section */
		1CBBCBFD2AF28B8900664DD4 /* Project object */ = {
			isa = PBXProject;
			attributes = {
				BuildIndependentTargetsInParallel = 1;
				LastSwiftUpdateCheck = 1500;
				LastUpgradeCheck = 1500;
				TargetAttributes = {
					1CBBCC042AF28B8900664DD4 = {
						CreatedOnToolsVersion = 15.0;
					};
					1CBBCC142AF28B8A00664DD4 = {
						CreatedOnToolsVersion = 15.0;
						TestTargetID = 1CBBCC042AF28B8900664DD4;
					};
					1CBBCC1E2AF28B8A00664DD4 = {
						CreatedOnToolsVersion = 15.0;
						TestTargetID = 1CBBCC042AF28B8900664DD4;
					};
				};
			};
			buildConfigurationList = 1CBBCC002AF28B8900664DD4 /* Build configuration list for PBXProject "TaskTime" */;
			compatibilityVersion = "Xcode 14.0";
			developmentRegion = en;
			hasScannedForEncodings = 0;
			knownRegions = (
				en,
				Base,
			);
			mainGroup = 1CBBCBFC2AF28B8900664DD4;
			productRefGroup = 1CBBCC062AF28B8900664DD4 /* Products */;
			projectDirPath = "";
			projectRoot = "";
			targets = (
				1CBBCC042AF28B8900664DD4 /* TaskTime */,
				1CBBCC142AF28B8A00664DD4 /* TaskTimeTests */,
				1CBBCC1E2AF28B8A00664DD4 /* TaskTimeUITests */,
			);
		};
/* End PBXProject section */

/* Begin PBXResourcesBuildPhase section */
		1CBBCC032AF28B8900664DD4 /* Resources */ = {
			isa = PBXResourcesBuildPhase;
			buildActionMask = 2147483647;
			files = (
				1CBBCC102AF28B8A00664DD4 /* Preview Assets.xcassets in Resources */,
				1CBBCC0D2AF28B8A00664DD4 /* Assets.xcassets in Resources */,
			);
			runOnlyForDeploymentPostprocessing = 0;
		};
		1CBBCC132AF28B8A00664DD4 /* Resources */ = {
			isa = PBXResourcesBuildPhase;
			buildActionMask = 2147483647;
			files = (
			);
			runOnlyForDeploymentPostprocessing = 0;
		};
		1CBBCC1D2AF28B8A00664DD4 /* Resources */ = {
			isa = PBXResourcesBuildPhase;
			buildActionMask = 2147483647;
			files = (
			);
			runOnlyForDeploymentPostprocessing = 0;
		};
/* End PBXResourcesBuildPhase section */

/* Begin PBXSourcesBuildPhase section */
		1CBBCC012AF28B8900664DD4 /* Sources */ = {
			isa = PBXSourcesBuildPhase;
			buildActionMask = 2147483647;
			files = (
				1C745B462AF68093008FDA97 /* ShipmentDetailView.swift in Sources */,
				1CBBCC0B2AF28B8900664DD4 /* ContentView.swift in Sources */,
				1C638CBC2AF3D1D800BCA718 /* MainView.swift in Sources */,
				1C5DB5EA2AF2E1C700BCF031 /* SignUpView.swift in Sources */,
				1CBBCC092AF28B8900664DD4 /* TaskTimeApp.swift in Sources */,
			);
			runOnlyForDeploymentPostprocessing = 0;
		};
		1CBBCC112AF28B8A00664DD4 /* Sources */ = {
			isa = PBXSourcesBuildPhase;
			buildActionMask = 2147483647;
			files = (
				1CBBCC1A2AF28B8A00664DD4 /* TaskTimeTests.swift in Sources */,
			);
			runOnlyForDeploymentPostprocessing = 0;
		};
		1CBBCC1B2AF28B8A00664DD4 /* Sources */ = {
			isa = PBXSourcesBuildPhase;
			buildActionMask = 2147483647;
			files = (
				1CBBCC262AF28B8A00664DD4 /* TaskTimeUITestsLaunchTests.swift in Sources */,
				1CBBCC242AF28B8A00664DD4 /* TaskTimeUITests.swift in Sources */,
			);
			runOnlyForDeploymentPostprocessing = 0;
		};
/* End PBXSourcesBuildPhase section */

/* Begin PBXTargetDependency section */
		1CBBCC172AF28B8A00664DD4 /* PBXTargetDependency */ = {
			isa = PBXTargetDependency;
			target = 1CBBCC042AF28B8900664DD4 /* TaskTime */;
			targetProxy = 1CBBCC162AF28B8A00664DD4 /* PBXContainerItemProxy */;
		};
		1CBBCC212AF28B8A00664DD4 /* PBXTargetDependency */ = {
			isa = PBXTargetDependency;
			target = 1CBBCC042AF28B8900664DD4 /* TaskTime */;
			targetProxy = 1CBBCC202AF28B8A00664DD4 /* PBXContainerItemProxy */;
		};
/* End PBXTargetDependency section */

/* Begin XCBuildConfiguration section */
		1CBBCC272AF28B8A00664DD4 /* Debug */ = {
			isa = XCBuildConfiguration;
			buildSettings = {
				ALWAYS_SEARCH_USER_PATHS = NO;
				ASSETCATALOG_COMPILER_GENERATE_SWIFT_ASSET_SYMBOL_EXTENSIONS = YES;
				CLANG_ANALYZER_NONNULL = YES;
				CLANG_ANALYZER_NUMBER_OBJECT_CONVERSION = YES_AGGRESSIVE;
				CLANG_CXX_LANGUAGE_STANDARD = "gnu++20";
				CLANG_ENABLE_MODULES = YES;
				CLANG_ENABLE_OBJC_ARC = YES;
				CLANG_ENABLE_OBJC_WEAK = YES;
				CLANG_WARN_BLOCK_CAPTURE_AUTORELEASING = YES;
				CLANG_WARN_BOOL_CONVERSION = YES;
				CLANG_WARN_COMMA = YES;
				CLANG_WARN_CONSTANT_CONVERSION = YES;
				CLANG_WARN_DEPRECATED_OBJC_IMPLEMENTATIONS = YES;
				CLANG_WARN_DIRECT_OBJC_ISA_USAGE = YES_ERROR;
				CLANG_WARN_DOCUMENTATION_COMMENTS = YES;
				CLANG_WARN_EMPTY_BODY = YES;
				CLANG_WARN_ENUM_CONVERSION = YES;
				CLANG_WARN_INFINITE_RECURSION = YES;
				CLANG_WARN_INT_CONVERSION = YES;
				CLANG_WARN_NON_LITERAL_NULL_CONVERSION = YES;
				CLANG_WARN_OBJC_IMPLICIT_RETAIN_SELF = YES;
				CLANG_WARN_OBJC_LITERAL_CONVERSION = YES;
				CLANG_WARN_OBJC_ROOT_CLASS = YES_ERROR;
				CLANG_WARN_QUOTED_INCLUDE_IN_FRAMEWORK_HEADER = YES;
				CLANG_WARN_RANGE_LOOP_ANALYSIS = YES;
				CLANG_WARN_STRICT_PROTOTYPES = YES;
				CLANG_WARN_SUSPICIOUS_MOVE = YES;
				CLANG_WARN_UNGUARDED_AVAILABILITY = YES_AGGRESSIVE;
				CLANG_WARN_UNREACHABLE_CODE = YES;
				CLANG_WARN__DUPLICATE_METHOD_MATCH = YES;
				COPY_PHASE_STRIP = NO;
				DEBUG_INFORMATION_FORMAT = dwarf;
				ENABLE_STRICT_OBJC_MSGSEND = YES;
				ENABLE_TESTABILITY = YES;
				ENABLE_USER_SCRIPT_SANDBOXING = YES;
				GCC_C_LANGUAGE_STANDARD = gnu17;
				GCC_DYNAMIC_NO_PIC = NO;
				GCC_NO_COMMON_BLOCKS = YES;
				GCC_OPTIMIZATION_LEVEL = 0;
				GCC_PREPROCESSOR_DEFINITIONS = (
					"DEBUG=1",
					"$(inherited)",
				);
				GCC_WARN_64_TO_32_BIT_CONVERSION = YES;
				GCC_WARN_ABOUT_RETURN_TYPE = YES_ERROR;
				GCC_WARN_UNDECLARED_SELECTOR = YES;
				GCC_WARN_UNINITIALIZED_AUTOS = YES_AGGRESSIVE;
				GCC_WARN_UNUSED_FUNCTION = YES;
				GCC_WARN_UNUSED_VARIABLE = YES;
				IPHONEOS_DEPLOYMENT_TARGET = 17.0;
				LOCALIZATION_PREFERS_STRING_CATALOGS = YES;
				MTL_ENABLE_DEBUG_INFO = INCLUDE_SOURCE;
				MTL_FAST_MATH = YES;
				ONLY_ACTIVE_ARCH = YES;
				SDKROOT = iphoneos;
				SWIFT_ACTIVE_COMPILATION_CONDITIONS = "DEBUG $(inherited)";
				SWIFT_OPTIMIZATION_LEVEL = "-Onone";
			};
			name = Debug;
		};
		1CBBCC282AF28B8A00664DD4 /* Release */ = {
			isa = XCBuildConfiguration;
			buildSettings = {
				ALWAYS_SEARCH_USER_PATHS = NO;
				ASSETCATALOG_COMPILER_GENERATE_SWIFT_ASSET_SYMBOL_EXTENSIONS = YES;
				CLANG_ANALYZER_NONNULL = YES;
				CLANG_ANALYZER_NUMBER_OBJECT_CONVERSION = YES_AGGRESSIVE;
				CLANG_CXX_LANGUAGE_STANDARD = "gnu++20";
				CLANG_ENABLE_MODULES = YES;
				CLANG_ENABLE_OBJC_ARC = YES;
				CLANG_ENABLE_OBJC_WEAK = YES;
				CLANG_WARN_BLOCK_CAPTURE_AUTORELEASING = YES;
				CLANG_WARN_BOOL_CONVERSION = YES;
				CLANG_WARN_COMMA = YES;
				CLANG_WARN_CONSTANT_CONVERSION = YES;
				CLANG_WARN_DEPRECATED_OBJC_IMPLEMENTATIONS = YES;
				CLANG_WARN_DIRECT_OBJC_ISA_USAGE = YES_ERROR;
				CLANG_WARN_DOCUMENTATION_COMMENTS = YES;
				CLANG_WARN_EMPTY_BODY = YES;
				CLANG_WARN_ENUM_CONVERSION = YES;
				CLANG_WARN_INFINITE_RECURSION = YES;
				CLANG_WARN_INT_CONVERSION = YES;
				CLANG_WARN_NON_LITERAL_NULL_CONVERSION = YES;
				CLANG_WARN_OBJC_IMPLICIT_RETAIN_SELF = YES;
				CLANG_WARN_OBJC_LITERAL_CONVERSION = YES;
				CLANG_WARN_OBJC_ROOT_CLASS = YES_ERROR;
				CLANG_WARN_QUOTED_INCLUDE_IN_FRAMEWORK_HEADER = YES;
				CLANG_WARN_RANGE_LOOP_ANALYSIS = YES;
				CLANG_WARN_STRICT_PROTOTYPES = YES;
				CLANG_WARN_SUSPICIOUS_MOVE = YES;
				CLANG_WARN_UNGUARDED_AVAILABILITY = YES_AGGRESSIVE;
				CLANG_WARN_UNREACHABLE_CODE = YES;
				CLANG_WARN__DUPLICATE_METHOD_MATCH = YES;
				COPY_PHASE_STRIP = NO;
				DEBUG_INFORMATION_FORMAT = "dwarf-with-dsym";
				ENABLE_NS_ASSERTIONS = NO;
				ENABLE_STRICT_OBJC_MSGSEND = YES;
				ENABLE_USER_SCRIPT_SANDBOXING = YES;
				GCC_C_LANGUAGE_STANDARD = gnu17;
				GCC_NO_COMMON_BLOCKS = YES;
				GCC_WARN_64_TO_32_BIT_CONVERSION = YES;
				GCC_WARN_ABOUT_RETURN_TYPE = YES_ERROR;
				GCC_WARN_UNDECLARED_SELECTOR = YES;
				GCC_WARN_UNINITIALIZED_AUTOS = YES_AGGRESSIVE;
				GCC_WARN_UNUSED_FUNCTION = YES;
				GCC_WARN_UNUSED_VARIABLE = YES;
				IPHONEOS_DEPLOYMENT_TARGET = 17.0;
				LOCALIZATION_PREFERS_STRING_CATALOGS = YES;
				MTL_ENABLE_DEBUG_INFO = NO;
				MTL_FAST_MATH = YES;
				SDKROOT = iphoneos;
				SWIFT_COMPILATION_MODE = wholemodule;
				VALIDATE_PRODUCT = YES;
			};
			name = Release;
		};
		1CBBCC2A2AF28B8A00664DD4 /* Debug */ = {
			isa = XCBuildConfiguration;
			buildSettings = {
				ASSETCATALOG_COMPILER_APPICON_NAME = AppIcon;
				ASSETCATALOG_COMPILER_GLOBAL_ACCENT_COLOR_NAME = AccentColor;
				CODE_SIGN_STYLE = Automatic;
				CURRENT_PROJECT_VERSION = 1;
				DEVELOPMENT_ASSET_PATHS = "\"TaskTime/Preview Content\"";
				ENABLE_PREVIEWS = YES;
				GENERATE_INFOPLIST_FILE = YES;
				INFOPLIST_KEY_UIApplicationSceneManifest_Generation = YES;
				INFOPLIST_KEY_UIApplicationSupportsIndirectInputEvents = YES;
				INFOPLIST_KEY_UILaunchScreen_Generation = YES;
				INFOPLIST_KEY_UISupportedInterfaceOrientations_iPad = "UIInterfaceOrientationPortrait UIInterfaceOrientationPortraitUpsideDown UIInterfaceOrientationLandscapeLeft UIInterfaceOrientationLandscapeRight";
				INFOPLIST_KEY_UISupportedInterfaceOrientations_iPhone = "UIInterfaceOrientationPortrait UIInterfaceOrientationLandscapeLeft UIInterfaceOrientationLandscapeRight";
				LD_RUNPATH_SEARCH_PATHS = (
					"$(inherited)",
					"@executable_path/Frameworks",
				);
				MARKETING_VERSION = 1.0;
				PRODUCT_BUNDLE_IDENTIFIER = com.rohankewal.TaskTime;
				PRODUCT_NAME = "$(TARGET_NAME)";
				SWIFT_EMIT_LOC_STRINGS = YES;
				SWIFT_VERSION = 5.0;
				TARGETED_DEVICE_FAMILY = "1,2";
			};
			name = Debug;
		};
		1CBBCC2B2AF28B8A00664DD4 /* Release */ = {
			isa = XCBuildConfiguration;
			buildSettings = {
				ASSETCATALOG_COMPILER_APPICON_NAME = AppIcon;
				ASSETCATALOG_COMPILER_GLOBAL_ACCENT_COLOR_NAME = AccentColor;
				CODE_SIGN_STYLE = Automatic;
				CURRENT_PROJECT_VERSION = 1;
				DEVELOPMENT_ASSET_PATHS = "\"TaskTime/Preview Content\"";
				ENABLE_PREVIEWS = YES;
				GENERATE_INFOPLIST_FILE = YES;
				INFOPLIST_KEY_UIApplicationSceneManifest_Generation = YES;
				INFOPLIST_KEY_UIApplicationSupportsIndirectInputEvents = YES;
				INFOPLIST_KEY_UILaunchScreen_Generation = YES;
				INFOPLIST_KEY_UISupportedInterfaceOrientations_iPad = "UIInterfaceOrientationPortrait UIInterfaceOrientationPortraitUpsideDown UIInterfaceOrientationLandscapeLeft UIInterfaceOrientationLandscapeRight";
				INFOPLIST_KEY_UISupportedInterfaceOrientations_iPhone = "UIInterfaceOrientationPortrait UIInterfaceOrientationLandscapeLeft UIInterfaceOrientationLandscapeRight";
				LD_RUNPATH_SEARCH_PATHS = (
					"$(inherited)",
					"@executable_path/Frameworks",
				);
				MARKETING_VERSION = 1.0;
				PRODUCT_BUNDLE_IDENTIFIER = com.rohankewal.TaskTime;
				PRODUCT_NAME = "$(TARGET_NAME)";
				SWIFT_EMIT_LOC_STRINGS = YES;
				SWIFT_VERSION = 5.0;
				TARGETED_DEVICE_FAMILY = "1,2";
			};
			name = Release;
		};
		1CBBCC2D2AF28B8A00664DD4 /* Debug */ = {
			isa = XCBuildConfiguration;
			buildSettings = {
				ALWAYS_EMBED_SWIFT_STANDARD_LIBRARIES = YES;
				BUNDLE_LOADER = "$(TEST_HOST)";
				CODE_SIGN_STYLE = Automatic;
				CURRENT_PROJECT_VERSION = 1;
				GENERATE_INFOPLIST_FILE = YES;
				IPHONEOS_DEPLOYMENT_TARGET = 17.0;
				MARKETING_VERSION = 1.0;
				PRODUCT_BUNDLE_IDENTIFIER = com.rohankewal.TaskTimeTests;
				PRODUCT_NAME = "$(TARGET_NAME)";
				SWIFT_EMIT_LOC_STRINGS = NO;
				SWIFT_VERSION = 5.0;
				TARGETED_DEVICE_FAMILY = "1,2";
				TEST_HOST = "$(BUILT_PRODUCTS_DIR)/TaskTime.app/$(BUNDLE_EXECUTABLE_FOLDER_PATH)/TaskTime";
			};
			name = Debug;
		};
		1CBBCC2E2AF28B8A00664DD4 /* Release */ = {
			isa = XCBuildConfiguration;
			buildSettings = {
				ALWAYS_EMBED_SWIFT_STANDARD_LIBRARIES = YES;
				BUNDLE_LOADER = "$(TEST_HOST)";
				CODE_SIGN_STYLE = Automatic;
				CURRENT_PROJECT_VERSION = 1;
				GENERATE_INFOPLIST_FILE = YES;
				IPHONEOS_DEPLOYMENT_TARGET = 17.0;
				MARKETING_VERSION = 1.0;
				PRODUCT_BUNDLE_IDENTIFIER = com.rohankewal.TaskTimeTests;
				PRODUCT_NAME = "$(TARGET_NAME)";
				SWIFT_EMIT_LOC_STRINGS = NO;
				SWIFT_VERSION = 5.0;
				TARGETED_DEVICE_FAMILY = "1,2";
				TEST_HOST = "$(BUILT_PRODUCTS_DIR)/TaskTime.app/$(BUNDLE_EXECUTABLE_FOLDER_PATH)/TaskTime";
			};
			name = Release;
		};
		1CBBCC302AF28B8A00664DD4 /* Debug */ = {
			isa = XCBuildConfiguration;
			buildSettings = {
				ALWAYS_EMBED_SWIFT_STANDARD_LIBRARIES = YES;
				CODE_SIGN_STYLE = Automatic;
				CURRENT_PROJECT_VERSION = 1;
				GENERATE_INFOPLIST_FILE = YES;
				MARKETING_VERSION = 1.0;
				PRODUCT_BUNDLE_IDENTIFIER = com.rohankewal.TaskTimeUITests;
				PRODUCT_NAME = "$(TARGET_NAME)";
				SWIFT_EMIT_LOC_STRINGS = NO;
				SWIFT_VERSION = 5.0;
				TARGETED_DEVICE_FAMILY = "1,2";
				TEST_TARGET_NAME = TaskTime;
			};
			name = Debug;
		};
		1CBBCC312AF28B8A00664DD4 /* Release */ = {
			isa = XCBuildConfiguration;
			buildSettings = {
				ALWAYS_EMBED_SWIFT_STANDARD_LIBRARIES = YES;
				CODE_SIGN_STYLE = Automatic;
				CURRENT_PROJECT_VERSION = 1;
				GENERATE_INFOPLIST_FILE = YES;
				MARKETING_VERSION = 1.0;
				PRODUCT_BUNDLE_IDENTIFIER = com.rohankewal.TaskTimeUITests;
				PRODUCT_NAME = "$(TARGET_NAME)";
				SWIFT_EMIT_LOC_STRINGS = NO;
				SWIFT_VERSION = 5.0;
				TARGETED_DEVICE_FAMILY = "1,2";
				TEST_TARGET_NAME = TaskTime;
			};
			name = Release;
		};
/* End XCBuildConfiguration section */

/* Begin XCConfigurationList section */
		1CBBCC002AF28B8900664DD4 /* Build configuration list for PBXProject "TaskTime" */ = {
			isa = XCConfigurationList;
			buildConfigurations = (
				1CBBCC272AF28B8A00664DD4 /* Debug */,
				1CBBCC282AF28B8A00664DD4 /* Release */,
			);
			defaultConfigurationIsVisible = 0;
			defaultConfigurationName = Release;
		};
		1CBBCC292AF28B8A00664DD4 /* Build configuration list for PBXNativeTarget "TaskTime" */ = {
			isa = XCConfigurationList;
			buildConfigurations = (
				1CBBCC2A2AF28B8A00664DD4 /* Debug */,
				1CBBCC2B2AF28B8A00664DD4 /* Release */,
			);
			defaultConfigurationIsVisible = 0;
			defaultConfigurationName = Release;
		};
		1CBBCC2C2AF28B8A00664DD4 /* Build configuration list for PBXNativeTarget "TaskTimeTests" */ = {
			isa = XCConfigurationList;
			buildConfigurations = (
				1CBBCC2D2AF28B8A00664DD4 /* Debug */,
				1CBBCC2E2AF28B8A00664DD4 /* Release */,
			);
			defaultConfigurationIsVisible = 0;
			defaultConfigurationName = Release;
		};
		1CBBCC2F2AF28B8A00664DD4 /* Build configuration list for PBXNativeTarget "TaskTimeUITests" */ = {
			isa = XCConfigurationList;
			buildConfigurations = (
				1CBBCC302AF28B8A00664DD4 /* Debug */,
				1CBBCC312AF28B8A00664DD4 /* Release */,
			);
			defaultConfigurationIsVisible = 0;
			defaultConfigurationName = Release;
		};
/* End XCConfigurationList section */
	};
	rootObject = 1CBBCBFD2AF28B8900664DD4 /* Project object */;
}
